
Microsoft Visual Studio Solution File, Format Version 12.00
# Visual Studio 15
VisualStudioVersion = 15.0.28307.329
MinimumVisualStudioVersion = 10.0.40219.1
Project("{FAE04EC0-301F-11D3-BF4B-00C04F79EFBC}") = "MasivianProject", "MasivianProject\MasivianProject.csproj", "{36F1315B-8BF7-44C4-ADD4-D9B5866B8D5C}"
EndProject
Project("{FAE04EC0-301F-11D3-BF4B-00C04F79EFBC}") = "MasivianProject.Tests", "MasivianProject.Tests\MasivianProject.Tests.csproj", "{105AB36B-7508-4456-AFC4-F6D0277FBCEC}"
EndProject
Project("{FAE04EC0-301F-11D3-BF4B-00C04F79EFBC}") = "MasivianProject.BI", "MasivianProject.BI\MasivianProject.BI.csproj", "{866DB080-FF96-4D0F-87FD-63E602E4D121}"
EndProject
Global
	GlobalSection(SolutionConfigurationPlatforms) = preSolution
		Debug|Any CPU = Debug|Any CPU
		Release|Any CPU = Release|Any CPU
	EndGlobalSection
	GlobalSection(ProjectConfigurationPlatforms) = postSolution
		{36F1315B-8BF7-44C4-ADD4-D9B5866B8D5C}.Debug|Any CPU.ActiveCfg = Debug|Any CPU
		{36F1315B-8BF7-44C4-ADD4-D9B5866B8D5C}.Debug|Any CPU.Build.0 = Debug|Any CPU
		{36F1315B-8BF7-44C4-ADD4-D9B5866B8D5C}.Release|Any CPU.ActiveCfg = Release|Any CPU
		{36F1315B-8BF7-44C4-ADD4-D9B5866B8D5C}.Release|Any CPU.Build.0 = Release|Any CPU
		{105AB36B-7508-4456-AFC4-F6D0277FBCEC}.Debug|Any CPU.ActiveCfg = Debug|Any CPU
		{105AB36B-7508-4456-AFC4-F6D0277FBCEC}.Debug|Any CPU.Build.0 = Debug|Any CPU
		{105AB36B-7508-4456-AFC4-F6D0277FBCEC}.Release|Any CPU.ActiveCfg = Release|Any CPU
		{105AB36B-7508-4456-AFC4-F6D0277FBCEC}.Release|Any CPU.Build.0 = Release|Any CPU
		{866DB080-FF96-4D0F-87FD-63E602E4D121}.Debug|Any CPU.ActiveCfg = Debug|Any CPU
		{866DB080-FF96-4D0F-87FD-63E602E4D121}.Debug|Any CPU.Build.0 = Debug|Any CPU
		{866DB080-FF96-4D0F-87FD-63E602E4D121}.Release|Any CPU.ActiveCfg = Release|Any CPU
		{866DB080-FF96-4D0F-87FD-63E602E4D121}.Release|Any CPU.Build.0 = Release|Any CPU
	EndGlobalSection
	GlobalSection(SolutionProperties) = preSolution
		HideSolutionNode = FALSE
	EndGlobalSection
	GlobalSection(ExtensibilityGlobals) = postSolution
		SolutionGuid = {4581FE84-16B5-4FA7-8746-F99812F974C0}
	EndGlobalSection
EndGlobal
